
Microsoft Visual Studio Solution File, Format Version 12.00
# Visual Studio Version 16
VisualStudioVersion = 16.0.33529.622
MinimumVisualStudioVersion = 10.0.40219.1
Project("{C9674DCB-5085-4A16-B785-4C70DD1589BD}") = "Parthparekh200542362ssis", "Parthparekh200542362ssis.dtproj", "{78D812C7-9F84-4695-B7DF-A3E8362256B9}"
EndProject
Global
	GlobalSection(SolutionConfigurationPlatforms) = preSolution
		Development|Default = Development|Default
	EndGlobalSection
	GlobalSection(ProjectConfigurationPlatforms) = postSolution
		{78D812C7-9F84-4695-B7DF-A3E8362256B9}.Development|Default.ActiveCfg = Development
		{78D812C7-9F84-4695-B7DF-A3E8362256B9}.Development|Default.Build.0 = Development
	EndGlobalSection
	GlobalSection(SolutionProperties) = preSolution
		HideSolutionNode = FALSE
	EndGlobalSection
	GlobalSection(ExtensibilityGlobals) = postSolution
		SolutionGuid = {3A978DC4-C88C-45D5-AA3C-F36491701FA5}
	EndGlobalSection
EndGlobal
